
Microsoft Visual Studio Solution File, Format Version 12.00
# Visual Studio Version 17
VisualStudioVersion = 17.1.32210.238
MinimumVisualStudioVersion = 10.0.40219.1
Project("{FAE04EC0-301F-11D3-BF4B-00C04F79EFBC}") = "CMSWindowsFormsApp1", "CMSWindowsFormsApp1.csproj", "{3D86C30E-4867-48C3-A176-EE410A95ED25}"
EndProject
Global
	GlobalSection(SolutionConfigurationPlatforms) = preSolution
		Debug|Any CPU = Debug|Any CPU
		Release|Any CPU = Release|Any CPU
	EndGlobalSection
	GlobalSection(ProjectConfigurationPlatforms) = postSolution
		{3D86C30E-4867-48C3-A176-EE410A95ED25}.Debug|Any CPU.ActiveCfg = Debug|Any CPU
		{3D86C30E-4867-48C3-A176-EE410A95ED25}.Debug|Any CPU.Build.0 = Debug|Any CPU
		{3D86C30E-4867-48C3-A176-EE410A95ED25}.Release|Any CPU.ActiveCfg = Release|Any CPU
		{3D86C30E-4867-48C3-A176-EE410A95ED25}.Release|Any CPU.Build.0 = Release|Any CPU
	EndGlobalSection
	GlobalSection(SolutionProperties) = preSolution
		HideSolutionNode = FALSE
	EndGlobalSection
	GlobalSection(ExtensibilityGlobals) = postSolution
		SolutionGuid = {E561C234-9DC8-49D2-9733-E595711BF0FD}
	EndGlobalSection
EndGlobal
